{
  "name": "mirogo-monorepo",
  "version": "0.0.1",
  "lockfileVersion": 2,
  "requires": true,
  "packages": {
    "": {
      "name": "mirogo-monorepo",
      "version": "0.0.1",
      "hasInstallScript": true,
      "license": "ISC",
      "bin": {
        "sayhi": "bin/sayhi.js"
      }
    }
  }
}
